
Microsoft Visual Studio Solution File, Format Version 12.00
# Visual Studio Version 16
VisualStudioVersion = 16.0.31005.135
MinimumVisualStudioVersion = 10.0.40219.1
Project("{FAE04EC0-301F-11D3-BF4B-00C04F79EFBC}") = "MyFinalProject", "MyFinalProject.csproj", "{9E04BC73-FE07-441A-8D73-5CFFCDAF9C97}"
EndProject
Project("{2150E333-8FDC-42A3-9474-1A3956D46DE8}") = "Solution Items", "Solution Items", "{5E860F20-E41B-4DCE-AAB0-6CAFB2CC0085}"
	ProjectSection(SolutionItems) = preProject
		.editorconfig = .editorconfig
	EndProjectSection
EndProject
Global
	GlobalSection(SolutionConfigurationPlatforms) = preSolution
		Debug|Any CPU = Debug|Any CPU
		Release|Any CPU = Release|Any CPU
	EndGlobalSection
	GlobalSection(ProjectConfigurationPlatforms) = postSolution
		{9E04BC73-FE07-441A-8D73-5CFFCDAF9C97}.Debug|Any CPU.ActiveCfg = Debug|Any CPU
		{9E04BC73-FE07-441A-8D73-5CFFCDAF9C97}.Debug|Any CPU.Build.0 = Debug|Any CPU
		{9E04BC73-FE07-441A-8D73-5CFFCDAF9C97}.Release|Any CPU.ActiveCfg = Release|Any CPU
		{9E04BC73-FE07-441A-8D73-5CFFCDAF9C97}.Release|Any CPU.Build.0 = Release|Any CPU
	EndGlobalSection
	GlobalSection(SolutionProperties) = preSolution
		HideSolutionNode = FALSE
	EndGlobalSection
	GlobalSection(ExtensibilityGlobals) = postSolution
		SolutionGuid = {338D359A-C0B7-412C-A1D2-01AA61F92297}
	EndGlobalSection
EndGlobal
